# This file is automatically @generated by Cargo.
# It is not intended for manual editing.
version = 4

[[package]]
name = "android_system_properties"
version = "0.1.6"
source = "registry+https://github.com/rust-lang/crates.io-index"
checksum = "ae221649c9976a6f6c56ae1facf410f3ddb33cc661c4b7b61020a912d4237fbc"
dependencies = [
 "libc",
]

[[package]]
name = "anstyle"
version = "1.0.14"
source = "registry+https://github.com/rust-lang/crates.io-index"
checksum = "940b3a0ca603d1eade50a4846a2afffd5ef57a9feac2c0e2ec2e14f9ead76000"

[[package]]
name = "anyhow"
version = "1.0.104"
source = "registry+https://github.com/rust-lang/crates.io-index"
checksum = "330a5ed07fa54e4702c9d6c4174f74427fc0ef6e214bbd677ae50a5099946470"

[[package]]
name = "asdf"
version = "0.0.0"
dependencies = [
 "anyhow",
 "derive_more",
 "futures-util",
 "ipnet",
 "jiff",
 "log",
 "serde",
 "serde_json",
 "serde_with",
 "tokio",
 "uuid",
]

[[package]]
name = "autocfg"
version = "1.5.1"
source = "registry+https://github.com/rust-lang/crates.io-index"
checksum = "f2032f911046de80f0a198e0901378627c33f59ea0ac00e363d481118bd70a53"

[[package]]
name = "base64"
version = "0.22.1"
source = "registry+https://github.com/rust-lang/crates.io-index"
checksum = "72b3254f16251a8381aa12e40e3c4d2f0199f8c6508fbecb9d91f575e0fbb8c6"

[[package]]
name = "bitflags"
version = "1.3.2"
source = "registry+https://github.com/rust-lang/crates.io-index"
checksum = "bef38d45163c2f1dde094a7dfd33ccf595c92905c8f8f4fdc18d06fb1037718a"

[[package]]
name = "bs58"
version = "0.5.1"
source = "registry+https://github.com/rust-lang/crates.io-index"
checksum = "bf88ba1141d185c399bee5288d850d63b8369520c1eafc32a0430b5b6c287bf4"
dependencies = [
 "tinyvec",
]

[[package]]
name = "bumpalo"
version = "3.20.3"
source = "registry+https://github.com/rust-lang/crates.io-index"
checksum = "72f5acc6cb2ba439de613abc23857ec3d78374d8ed5ac84e9d11336e87da8649"

[[package]]
name = "bytes"
version = "1.12.1"
source = "registry+https://github.com/rust-lang/crates.io-index"
checksum = "fc652a48c352aef3ea3aed32080501cf3ef6ed5da78602a020c991775b0aff04"

[[package]]
name = "cc"
version = "1.2.29"
source = "registry+https://github.com/rust-lang/crates.io-index"
checksum = "5c1599538de2394445747c8cf7935946e3cc27e9625f889d979bfb2aaf569362"
dependencies = [
 "shlex",
]

[[package]]
name = "cfg-if"
version = "1.0.4"
source = "registry+https://github.com/rust-lang/crates.io-index"
checksum = "9330f8b2ff13f34540b44e946ef35111825727b38d33286ef986142615121801"

[[package]]
name = "chrono"
version = "0.4.45"
source = "registry+https://github.com/rust-lang/crates.io-index"
checksum = "1aa79e62e7697b8e29b513a68abacf485adcd1fe8284a4316c5ae868e6633327"
dependencies = [
 "iana-time-zone",
 "num-traits",
 "serde",
 "windows-link",
]

[[package]]
name = "clap"
version = "4.6.1"
source = "registry+https://github.com/rust-lang/crates.io-index"
checksum = "1ddb117e43bbf7dacf0a4190fef4d345b9bad68dfc649cb349e7d17d28428e51"
dependencies = [
 "clap_builder",
]

[[package]]
name = "clap_builder"
version = "4.6.0"
source = "registry+https://github.com/rust-lang/crates.io-index"
checksum = "714a53001bf66416adb0e2ef5ac857140e7dc3a0c48fb28b2f10762fc4b5069f"
dependencies = [
 "anstyle",
 "clap_lex",
 "strsim",
]

[[package]]
name = "clap_lex"
version = "1.1.0"
source = "registry+https://github.com/rust-lang/crates.io-index"
checksum = "c8d4a3bb8b1e0c1050499d1815f5ab16d04f0959b233085fb31653fbfc9d98f9"

[[package]]
name = "codespan-reporting"
version = "0.13.1"
source = "registry+https://github.com/rust-lang/crates.io-index"
checksum = "af491d569909a7e4dee0ad7db7f5341fef5c614d5b8ec8cf765732aba3cff681"
dependencies = [
 "serde",
 "termcolor",
 "unicode-width",
]

[[package]]
name = "core-foundation-sys"
version = "0.8.7"
source = "registry+https://github.com/rust-lang/crates.io-index"
checksum = "773648b94d0e5d620f64f280777445740e61fe701025087ec8b57f45c791888b"

[[package]]
name = "cxx"
version = "1.0.194"
source = "registry+https://github.com/rust-lang/crates.io-index"
checksum = "747d8437319e3a2f43d93b341c137927ca70c0f5dabeea7a005a73665e247c7e"
dependencies = [
 "cc",
 "cxx-build",
 "cxxbridge-cmd",
 "cxxbridge-flags",
 "cxxbridge-macro",
 "foldhash",
 "link-cplusplus",
]

[[package]]
name = "cxx-build"
version = "1.0.194"
source = "registry+https://github.com/rust-lang/crates.io-index"
checksum = "b0f4697d190a142477b16aef7da8a99bfdc41e7e8b1687583c0d23a79c7afc1e"
dependencies = [
 "cc",
 "codespan-reporting",
 "indexmap 2.14.0",
 "proc-macro2",
 "quote",
 "scratch",
 "syn",
]

[[package]]
name = "cxxbridge-cmd"
version = "1.0.194"
source = "registry+https://github.com/rust-lang/crates.io-index"
checksum = "d0956799fa8678d4c50eed028f2de1c0552ae183c76e976cf7ca8c4e36a7c328"
dependencies = [
 "clap",
 "codespan-reporting",
 "indexmap 2.14.0",
 "proc-macro2",
 "quote",
 "syn",
]

[[package]]
name = "cxxbridge-flags"
version = "1.0.194"
source = "registry+https://github.com/rust-lang/crates.io-index"
checksum = "23384a836ab4f0ad98ace7e3955ad2de39de42378ab487dc28d3990392cb283a"

[[package]]
name = "cxxbridge-macro"
version = "1.0.194"
source = "registry+https://github.com/rust-lang/crates.io-index"
checksum = "e6acc6b5822b9526adfb4fc377b67128fdd60aac757cc4a741a6278603f763cf"
dependencies = [
 "indexmap 2.14.0",
 "proc-macro2",
 "quote",
 "syn",
]

[[package]]
name = "darling"
version = "0.23.0"
source = "registry+https://github.com/rust-lang/crates.io-index"
checksum = "25ae13da2f202d56bd7f91c25fba009e7717a1e4a1cc98a76d844b65ae912e9d"
dependencies = [
 "darling_core",
 "darling_macro",
]

[[package]]
name = "darling_core"
version = "0.23.0"
source = "registry+https://github.com/rust-lang/crates.io-index"
checksum = "9865a50f7c335f53564bb694ef660825eb8610e0a53d3e11bf1b0d3df31e03b0"
dependencies = [
 "ident_case",
 "proc-macro2",
 "quote",
 "strsim",
 "syn",
]

[[package]]
name = "darling_macro"
version = "0.23.0"
source = "registry+https://github.com/rust-lang/crates.io-index"
checksum = "ac3984ec7bd6cfa798e62b4a642426a5be0e68f9401cfc2a01e3fa9ea2fcdb8d"
dependencies = [
 "darling_core",
 "quote",
 "syn",
]

[[package]]
name = "ddnet-base"
version = "0.0.1"
dependencies = [
 "cxx",
 "ddnet-test",
 "libc",
 "log",
]

[[package]]
name = "ddnet-engine"
version = "0.0.1"
dependencies = [
 "cxx",
 "ddnet-base",
 "ddnet-engine-shared",
 "ddnet-test",
]

[[package]]
name = "ddnet-engine-server"
version = "0.0.1"
dependencies = [
 "asdf",
 "cxx",
 "ddnet-base",
 "ddnet-engine",
 "ddnet-engine-shared",
 "ddnet-test",
 "tokio",
]

[[package]]
name = "ddnet-engine-shared"
version = "0.0.1"
dependencies = [
 "cxx",
 "ddnet-base",
 "ddnet-engine",
 "ddnet-test",
 "tokio",
]

[[package]]
name = "ddnet-test"
version = "0.0.1"

[[package]]
name = "defmt"
version = "1.1.1"
source = "registry+https://github.com/rust-lang/crates.io-index"
checksum = "e2953bfe4f93bbd20cc71198842756f77d161884c99ebbabc41d80231ded88d1"
dependencies = [
 "bitflags",
 "defmt-macros",
]

[[package]]
name = "defmt-macros"
version = "1.1.1"
source = "registry+https://github.com/rust-lang/crates.io-index"
checksum = "bad9c72e7ca2137e0dc3813245a0d282fd6daad32fd800af018306a9169b5fe8"
dependencies = [
 "defmt-parser",
 "proc-macro2",
 "quote",
 "syn",
]

[[package]]
name = "defmt-parser"
version = "1.0.0"
source = "registry+https://github.com/rust-lang/crates.io-index"
checksum = "10d60334b3b2e7c9d91ef8150abfb6fa4c1c39ebbcf4a81c2e346aad939fee3e"
dependencies = [
 "thiserror",
]

[[package]]
name = "deranged"
version = "0.5.8"
source = "registry+https://github.com/rust-lang/crates.io-index"
checksum = "7cd812cc2bc1d69d4764bd80df88b4317eaef9e773c75226407d9bc0876b211c"
dependencies = [
 "serde_core",
]

[[package]]
name = "derive_more"
version = "2.1.1"
source = "registry+https://github.com/rust-lang/crates.io-index"
checksum = "d751e9e49156b02b44f9c1815bcb94b984cdcc4396ecc32521c739452808b134"
dependencies = [
 "derive_more-impl",
]

[[package]]
name = "derive_more-impl"
version = "2.1.1"
source = "registry+https://github.com/rust-lang/crates.io-index"
checksum = "799a97264921d8623a957f6c3b9011f3b5492f557bbb7a5a19b7fa6d06ba8dcb"
dependencies = [
 "proc-macro2",
 "quote",
 "rustc_version",
 "syn",
]

[[package]]
name = "dyn-clone"
version = "1.0.20"
source = "registry+https://github.com/rust-lang/crates.io-index"
checksum = "d0881ea181b1df73ff77ffaaf9c7544ecc11e82fba9b5f27b262a3c73a332555"

[[package]]
name = "equivalent"
version = "1.0.2"
source = "registry+https://github.com/rust-lang/crates.io-index"
checksum = "877a4ace8713b0bcf2a4e7eec82529c029f1d0619886d18145fea96c3ffe5c0f"

[[package]]
name = "foldhash"
version = "0.2.0"
source = "registry+https://github.com/rust-lang/crates.io-index"
checksum = "77ce24cb58228fbb8aa041425bb1050850ac19177686ea6e0f41a70416f56fdb"

[[package]]
name = "futures-core"
version = "0.3.34"
source = "registry+https://github.com/rust-lang/crates.io-index"
checksum = "92d699e522242e69e3003b94ecc1f960f3a5e015aa7c5d7486e65ad01dd94f5e"

[[package]]
name = "futures-task"
version = "0.3.34"
source = "registry+https://github.com/rust-lang/crates.io-index"
checksum = "cd417de3d1d015fc3bfd2b1ea46dfc7bab72ef86f1cc7cc9c78e728b34a6d1fd"

[[package]]
name = "futures-util"
version = "0.3.34"
source = "registry+https://github.com/rust-lang/crates.io-index"
checksum = "0d50a92467f8ba5dd6e3ee5d4bd04d73ab2e4e1c44474a0674821dfce14b79bc"
dependencies = [
 "futures-core",
 "futures-task",
 "pin-project-lite",
 "slab",
]

[[package]]
name = "hashbrown"
version = "0.12.3"
source = "registry+https://github.com/rust-lang/crates.io-index"
checksum = "8a9ee70c43aaf417c914396645a0fa852624801b24ebb7ae78fe8272889ac888"

[[package]]
name = "hashbrown"
version = "0.17.1"
source = "registry+https://github.com/rust-lang/crates.io-index"
checksum = "ed5909b6e89a2db4456e54cd5f673791d7eca6732202bbf2a9cc504fe2f9b84a"

[[package]]
name = "hex"
version = "0.4.3"
source = "registry+https://github.com/rust-lang/crates.io-index"
checksum = "7f24254aa9a54b5c858eaee2f5bccdb46aaf0e486a595ed5fd8f86ba55232a70"

[[package]]
name = "iana-time-zone"
version = "0.1.65"
source = "registry+https://github.com/rust-lang/crates.io-index"
checksum = "e31bc9ad994ba00e440a8aa5c9ef0ec67d5cb5e5cb0cc7f8b744a35b389cc470"
dependencies = [
 "android_system_properties",
 "core-foundation-sys",
 "iana-time-zone-haiku",
 "js-sys",
 "log",
 "wasm-bindgen",
 "windows-core",
]

[[package]]
name = "iana-time-zone-haiku"
version = "0.1.2"
source = "registry+https://github.com/rust-lang/crates.io-index"
checksum = "f31827a206f56af32e590ba56d5d2d085f558508192593743f16b2306495269f"
dependencies = [
 "cc",
]

[[package]]
name = "ident_case"
version = "1.0.1"
source = "registry+https://github.com/rust-lang/crates.io-index"
checksum = "b9e0384b61958566e926dc50660321d12159025e767c18e043daf26b70104c39"

[[package]]
name = "indexmap"
version = "1.9.3"
source = "registry+https://github.com/rust-lang/crates.io-index"
checksum = "bd070e393353796e801d209ad339e89596eb4c8d430d18ede6a1cced8fafbd99"
dependencies = [
 "autocfg",
 "hashbrown 0.12.3",
 "serde",
]

[[package]]
name = "indexmap"
version = "2.14.0"
source = "registry+https://github.com/rust-lang/crates.io-index"
checksum = "d466e9454f08e4a911e14806c24e16fba1b4c121d1ea474396f396069cf949d9"
dependencies = [
 "equivalent",
 "hashbrown 0.17.1",
 "serde",
 "serde_core",
]

[[package]]
name = "ipnet"
version = "2.12.2"
source = "registry+https://github.com/rust-lang/crates.io-index"
checksum = "791930b43c0d5973160d90a8f3894509f2b273430f5c5c73b668636d0287c5c0"
dependencies = [
 "serde",
]

[[package]]
name = "itoa"
version = "1.0.18"
source = "registry+https://github.com/rust-lang/crates.io-index"
checksum = "8f42a60cbdf9a97f5d2305f08a87dc4e09308d1276d28c869c684d7777685682"

[[package]]
name = "jiff"
version = "0.2.37"
source = "registry+https://github.com/rust-lang/crates.io-index"
checksum = "0ab1baf72f08796de0260609515130699b890ac25f30e610ad894bc5856cafdb"
dependencies = [
 "defmt",
 "jiff-core",
 "jiff-static",
 "jiff-tzdb-platform",
 "log",
 "portable-atomic",
 "portable-atomic-util",
 "serde_core",
 "windows-link",
]

[[package]]
name = "jiff-core"
version = "0.1.1"
source = "registry+https://github.com/rust-lang/crates.io-index"
checksum = "5e52fe76043ccecc9005d2305ebaadf7d7fc0cc89ca6baa10a94d6bc68c7128c"
dependencies = [
 "defmt",
 "log",
]

[[package]]
name = "jiff-static"
version = "0.2.37"
source = "registry+https://github.com/rust-lang/crates.io-index"
checksum = "378268a1116ad67ae6228701118ac9f491d78fda38a40a1f1a9e1348de6f7212"
dependencies = [
 "jiff-core",
 "proc-macro2",
 "quote",
 "syn",
]

[[package]]
name = "jiff-tzdb"
version = "0.1.8"
source = "registry+https://github.com/rust-lang/crates.io-index"
checksum = "142bd39932ad231f10513df9ab62661fead8719872150b7ad02a2df79f4e141e"

[[package]]
name = "jiff-tzdb-platform"
version = "0.1.3"
source = "registry+https://github.com/rust-lang/crates.io-index"
checksum = "875a5a69ac2bab1a891711cf5eccbec1ce0341ea805560dcd90b7a2e925132e8"
dependencies = [
 "jiff-tzdb",
]

[[package]]
name = "js-sys"
version = "0.3.76"
source = "registry+https://github.com/rust-lang/crates.io-index"
checksum = "6717b6b5b077764fb5966237269cb3c64edddde4b14ce42647430a78ced9e7b7"
dependencies = [
 "once_cell",
 "wasm-bindgen",
]

[[package]]
name = "libc"
version = "0.2.183"
source = "registry+https://github.com/rust-lang/crates.io-index"
checksum = "b5b646652bf6661599e1da8901b3b9522896f01e736bad5f723fe7a3a27f899d"

[[package]]
name = "link-cplusplus"
version = "1.0.12"
source = "registry+https://github.com/rust-lang/crates.io-index"
checksum = "7f78c730aaa7d0b9336a299029ea49f9ee53b0ed06e9202e8cb7db9bae7b8c82"
dependencies = [
 "cc",
]

[[package]]
name = "log"
version = "0.4.34"
source = "registry+https://github.com/rust-lang/crates.io-index"
checksum = "f9f8bd3e56ce4dfc153cf470fffbfa98c7620958b312ca5c3a4b8d5181fd13c6"

[[package]]
name = "memchr"
version = "2.8.3"
source = "registry+https://github.com/rust-lang/crates.io-index"
checksum = "cf8baf1c55e62ffcace7a9f06f4bd9cd3f0c4beb022d3b367256b91b87513d98"

[[package]]
name = "mio"
version = "1.2.3"
source = "registry+https://github.com/rust-lang/crates.io-index"
checksum = "4b18443e9c262bfe8fa82f51666e2642c53393f7e5c27b3e1aeab922cff5b9d8"
dependencies = [
 "libc",
 "wasi",
 "windows-sys",
]

[[package]]
name = "num-conv"
version = "0.2.2"
source = "registry+https://github.com/rust-lang/crates.io-index"
checksum = "521739c6d2bac4aa25192232afe6841231376b2b26d4d9fae5ecf8ca5772e441"

[[package]]
name = "num-traits"
version = "0.2.19"
source = "registry+https://github.com/rust-lang/crates.io-index"
checksum = "071dfc062690e90b734c0b2273ce72ad0ffa95f0c74596bc250dcfd960262841"
dependencies = [
 "autocfg",
]

[[package]]
name = "once_cell"
version = "1.21.4"
source = "registry+https://github.com/rust-lang/crates.io-index"
checksum = "9f7c3e4beb33f85d45ae3e3a1792185706c8e16d043238c593331cc7cd313b50"

[[package]]
name = "pin-project-lite"
version = "0.2.17"
source = "registry+https://github.com/rust-lang/crates.io-index"
checksum = "a89322df9ebe1c1578d689c92318e070967d1042b512afbe49518723f4e6d5cd"

[[package]]
name = "portable-atomic"
version = "1.15.0"
source = "registry+https://github.com/rust-lang/crates.io-index"
checksum = "05c8b63e8d9609db387f0324918f81d68fe27748f084ef092fb35954d0539a85"

[[package]]
name = "portable-atomic-util"
version = "0.2.8"
source = "registry+https://github.com/rust-lang/crates.io-index"
checksum = "10ab3eb7f3becc3a1cbc4f2c6f20267996cfc1a6467a873763411b136a122715"
dependencies = [
 "portable-atomic",
]

[[package]]
name = "powerfmt"
version = "0.2.0"
source = "registry+https://github.com/rust-lang/crates.io-index"
checksum = "439ee305def115ba05938db6eb1644ff94165c5ab5e9420d1c1bcedbba909391"

[[package]]
name = "proc-macro2"
version = "1.0.103"
source = "registry+https://github.com/rust-lang/crates.io-index"
checksum = "5ee95bc4ef87b8d5ba32e8b7714ccc834865276eab0aed5c9958d00ec45f49e8"
dependencies = [
 "unicode-ident",
]

[[package]]
name = "quote"
version = "1.0.41"
source = "registry+https://github.com/rust-lang/crates.io-index"
checksum = "ce25767e7b499d1b604768e7cde645d14cc8584231ea6b295e9c9eb22c02e1d1"
dependencies = [
 "proc-macro2",
]

[[package]]
name = "ref-cast"
version = "1.0.25"
source = "registry+https://github.com/rust-lang/crates.io-index"
checksum = "f354300ae66f76f1c85c5f84693f0ce81d747e2c3f21a45fef496d89c960bf7d"
dependencies = [
 "ref-cast-impl",
]

[[package]]
name = "ref-cast-impl"
version = "1.0.25"
source = "registry+https://github.com/rust-lang/crates.io-index"
checksum = "b7186006dcb21920990093f30e3dea63b7d6e977bf1256be20c3563a5db070da"
dependencies = [
 "proc-macro2",
 "quote",
 "syn",
]

[[package]]
name = "rustc_version"
version = "0.4.1"
source = "registry+https://github.com/rust-lang/crates.io-index"
checksum = "cfcb3a22ef46e85b45de6ee7e79d063319ebb6594faafcf1c225ea92ab6e9b92"
dependencies = [
 "semver",
]

[[package]]
name = "schemars"
version = "0.9.0"
source = "registry+https://github.com/rust-lang/crates.io-index"
checksum = "4cd191f9397d57d581cddd31014772520aa448f65ef991055d7f61582c65165f"
dependencies = [
 "dyn-clone",
 "ref-cast",
 "serde",
 "serde_json",
]

[[package]]
name = "schemars"
version = "1.2.2"
source = "registry+https://github.com/rust-lang/crates.io-index"
checksum = "687274d293b6cdc6e73e0fee520bf2049650090d7164f87672d212a3c530cf4a"
dependencies = [
 "dyn-clone",
 "ref-cast",
 "serde",
 "serde_json",
]

[[package]]
name = "scratch"
version = "1.0.9"
source = "registry+https://github.com/rust-lang/crates.io-index"
checksum = "d68f2ec51b097e4c1a75b681a8bec621909b5e91f15bb7b840c4f2f7b01148b2"

[[package]]
name = "semver"
version = "1.0.28"
source = "registry+https://github.com/rust-lang/crates.io-index"
checksum = "8a7852d02fc848982e0c167ef163aaff9cd91dc640ba85e263cb1ce46fae51cd"

[[package]]
name = "serde"
version = "1.0.228"
source = "registry+https://github.com/rust-lang/crates.io-index"
checksum = "9a8e94ea7f378bd32cbbd37198a4a91436180c5bb472411e48b5ec2e2124ae9e"
dependencies = [
 "serde_core",
 "serde_derive",
]

[[package]]
name = "serde_core"
version = "1.0.228"
source = "registry+https://github.com/rust-lang/crates.io-index"
checksum = "41d385c7d4ca58e59fc732af25c3983b67ac852c1a25000afe1175de458b67ad"
dependencies = [
 "serde_derive",
]

[[package]]
name = "serde_derive"
version = "1.0.228"
source = "registry+https://github.com/rust-lang/crates.io-index"
checksum = "d540f220d3187173da220f885ab66608367b6574e925011a9353e4badda91d79"
dependencies = [
 "proc-macro2",
 "quote",
 "syn",
]

[[package]]
name = "serde_json"
version = "1.0.151"
source = "registry+https://github.com/rust-lang/crates.io-index"
checksum = "c841b55ecdae098c80dcae9cf767f6f8a0c2cdb3416bbef72181df4d0fe73f14"
dependencies = [
 "itoa",
 "memchr",
 "serde",
 "serde_core",
 "zmij",
]

[[package]]
name = "serde_with"
version = "3.22.0"
source = "registry+https://github.com/rust-lang/crates.io-index"
checksum = "ee78f1fbe43ac4a0e47aadb3dbd357b69eb0d3793e948624cd03dd2750ab1c0a"
dependencies = [
 "base64",
 "bs58",
 "chrono",
 "hex",
 "indexmap 1.9.3",
 "indexmap 2.14.0",
 "jiff",
 "schemars 0.9.0",
 "schemars 1.2.2",
 "serde_core",
 "serde_json",
 "serde_with_macros",
 "time",
]

[[package]]
name = "serde_with_macros"
version = "3.22.0"
source = "registry+https://github.com/rust-lang/crates.io-index"
checksum = "8705578779c2b6bd90d84d66eb2e206b708b1a4d7b9f17641b293545bf1c7e46"
dependencies = [
 "darling",
 "proc-macro2",
 "quote",
 "syn",
]

[[package]]
name = "shlex"
version = "1.3.0"
source = "registry+https://github.com/rust-lang/crates.io-index"
checksum = "0fda2ff0d084019ba4d7c6f371c95d8fd75ce3524c3cb8fb653a3023f6323e64"

[[package]]
name = "slab"
version = "0.4.12"
source = "registry+https://github.com/rust-lang/crates.io-index"
checksum = "0c790de23124f9ab44544d7ac05d60440adc586479ce501c1d6d7da3cd8c9cf5"

[[package]]
name = "socket2"
version = "0.6.5"
source = "registry+https://github.com/rust-lang/crates.io-index"
checksum = "c3d1e2c7f27f8d4cb10542a02c49005dbd6e93095799d6f3be745fae9f8fedd4"
dependencies = [
 "libc",
 "windows-sys",
]

[[package]]
name = "strsim"
version = "0.11.1"
source = "registry+https://github.com/rust-lang/crates.io-index"
checksum = "7da8b5736845d9f2fcb837ea5d9e2628564b3b043a70948a3f0b778838c5fb4f"

[[package]]
name = "syn"
version = "2.0.106"
source = "registry+https://github.com/rust-lang/crates.io-index"
checksum = "ede7c438028d4436d71104916910f5bb611972c5cfd7f89b8300a8186e6fada6"
dependencies = [
 "proc-macro2",
 "quote",
 "unicode-ident",
]

[[package]]
name = "termcolor"
version = "1.4.1"
source = "registry+https://github.com/rust-lang/crates.io-index"
checksum = "06794f8f6c5c898b3275aebefa6b8a1cb24cd2c6c79397ab15774837a0bc5755"
dependencies = [
 "winapi-util",
]

[[package]]
name = "thiserror"
version = "2.0.18"
source = "registry+https://github.com/rust-lang/crates.io-index"
checksum = "4288b5bcbc7920c07a1149a35cf9590a2aa808e0bc1eafaade0b80947865fbc4"
dependencies = [
 "thiserror-impl",
]

[[package]]
name = "thiserror-impl"
version = "2.0.18"
source = "registry+https://github.com/rust-lang/crates.io-index"
checksum = "ebc4ee7f67670e9b64d05fa4253e753e016c6c95ff35b89b7941d6b856dec1d5"
dependencies = [
 "proc-macro2",
 "quote",
 "syn",
]

[[package]]
name = "time"
version = "0.3.55"
source = "registry+https://github.com/rust-lang/crates.io-index"
checksum = "cdb87b95ec50ddfa440816d227a17b2ccbdda963a316a727fda0fc4334f7d134"
dependencies = [
 "deranged",
 "num-conv",
 "powerfmt",
 "serde_core",
 "time-core",
 "time-macros",
]

[[package]]
name = "time-core"
version = "0.1.9"
source = "registry+https://github.com/rust-lang/crates.io-index"
checksum = "9e1c906769ad99c88eaa54e728060edef082f8e358ff32030cb7c7d315e81109"

[[package]]
name = "time-macros"
version = "0.2.32"
source = "registry+https://github.com/rust-lang/crates.io-index"
checksum = "7e689342a48d2ea927c87ea50cabf8594854bf940e9310208848d680d668ed85"
dependencies = [
 "num-conv",
 "time-core",
]

[[package]]
name = "tinyvec"
version = "1.13.2"
source = "registry+https://github.com/rust-lang/crates.io-index"
checksum = "4cf0ded5c4e56918d8f8a339e1bb67d038d3bc6d144ac407904015ba2e4cde9b"
dependencies = [
 "tinyvec_macros",
]

[[package]]
name = "tinyvec_macros"
version = "0.1.1"
source = "registry+https://github.com/rust-lang/crates.io-index"
checksum = "1f3ccbac311fea05f86f61904b462b55fb3df8837a366dfc601a0161d0532f20"

[[package]]
name = "tokio"
version = "1.53.1"
source = "registry+https://github.com/rust-lang/crates.io-index"
checksum = "202caea871b69668250d242070849eb495be178ed697a3e98aebce5bc81a0bed"
dependencies = [
 "bytes",
 "libc",
 "mio",
 "pin-project-lite",
 "socket2",
 "windows-sys",
]

[[package]]
name = "unicode-ident"
version = "1.0.1"
source = "registry+https://github.com/rust-lang/crates.io-index"
checksum = "5bd2fe26506023ed7b5e1e315add59d6f584c621d037f9368fea9cfb988f368c"

[[package]]
name = "unicode-width"
version = "0.2.2"
source = "registry+https://github.com/rust-lang/crates.io-index"
checksum = "b4ac048d71ede7ee76d585517add45da530660ef4390e49b098733c6e897f254"

[[package]]
name = "uuid"
version = "1.26.1"
source = "registry+https://github.com/rust-lang/crates.io-index"
checksum = "2ef6dac1e96601b4fb3acccccff2139741fcb757cb9a36089bf5be91cfb285ce"
dependencies = [
 "js-sys",
 "serde_core",
 "wasm-bindgen",
]

[[package]]
name = "wasi"
version = "0.11.1+wasi-snapshot-preview1"
source = "registry+https://github.com/rust-lang/crates.io-index"
checksum = "ccf3ec651a847eb01de73ccad15eb7d99f80485de043efb2f370cd654f4ea44b"

[[package]]
name = "wasm-bindgen"
version = "0.2.99"
source = "registry+https://github.com/rust-lang/crates.io-index"
checksum = "a474f6281d1d70c17ae7aa6a613c87fce69a127e2624002df63dcb39d6cf6396"
dependencies = [
 "cfg-if",
 "once_cell",
 "wasm-bindgen-macro",
]

[[package]]
name = "wasm-bindgen-backend"
version = "0.2.99"
source = "registry+https://github.com/rust-lang/crates.io-index"
checksum = "5f89bb38646b4f81674e8f5c3fb81b562be1fd936d84320f3264486418519c79"
dependencies = [
 "bumpalo",
 "log",
 "proc-macro2",
 "quote",
 "syn",
 "wasm-bindgen-shared",
]

[[package]]
name = "wasm-bindgen-macro"
version = "0.2.99"
source = "registry+https://github.com/rust-lang/crates.io-index"
checksum = "2cc6181fd9a7492eef6fef1f33961e3695e4579b9872a6f7c83aee556666d4fe"
dependencies = [
 "quote",
 "wasm-bindgen-macro-support",
]

[[package]]
name = "wasm-bindgen-macro-support"
version = "0.2.99"
source = "registry+https://github.com/rust-lang/crates.io-index"
checksum = "30d7a95b763d3c45903ed6c81f156801839e5ee968bb07e534c44df0fcd330c2"
dependencies = [
 "proc-macro2",
 "quote",
 "syn",
 "wasm-bindgen-backend",
 "wasm-bindgen-shared",
]

[[package]]
name = "wasm-bindgen-shared"
version = "0.2.99"
source = "registry+https://github.com/rust-lang/crates.io-index"
checksum = "943aab3fdaaa029a6e0271b35ea10b72b943135afe9bffca82384098ad0e06a6"

[[package]]
name = "winapi-util"
version = "0.1.11"
source = "registry+https://github.com/rust-lang/crates.io-index"
checksum = "c2a7b1c03c876122aa43f3020e6c3c3ee5c05081c9a00739faf7503aeba10d22"
dependencies = [
 "windows-sys",
]

[[package]]
name = "windows-core"
version = "0.62.2"
source = "registry+https://github.com/rust-lang/crates.io-index"
checksum = "b8e83a14d34d0623b51dce9581199302a221863196a1dde71a7663a4c2be9deb"
dependencies = [
 "windows-implement",
 "windows-interface",
 "windows-link",
 "windows-result",
 "windows-strings",
]

[[package]]
name = "windows-implement"
version = "0.60.2"
source = "registry+https://github.com/rust-lang/crates.io-index"
checksum = "053e2e040ab57b9dc951b72c264860db7eb3b0200ba345b4e4c3b14f67855ddf"
dependencies = [
 "proc-macro2",
 "quote",
 "syn",
]

[[package]]
name = "windows-interface"
version = "0.59.3"
source = "registry+https://github.com/rust-lang/crates.io-index"
checksum = "3f316c4a2570ba26bbec722032c4099d8c8bc095efccdc15688708623367e358"
dependencies = [
 "proc-macro2",
 "quote",
 "syn",
]

[[package]]
name = "windows-link"
version = "0.2.1"
source = "registry+https://github.com/rust-lang/crates.io-index"
checksum = "f0805222e57f7521d6a62e36fa9163bc891acd422f971defe97d64e70d0a4fe5"

[[package]]
name = "windows-result"
version = "0.4.1"
source = "registry+https://github.com/rust-lang/crates.io-index"
checksum = "7781fa89eaf60850ac3d2da7af8e5242a5ea78d1a11c49bf2910bb5a73853eb5"
dependencies = [
 "windows-link",
]

[[package]]
name = "windows-strings"
version = "0.5.1"
source = "registry+https://github.com/rust-lang/crates.io-index"
checksum = "7837d08f69c77cf6b07689544538e017c1bfcf57e34b4c0ff58e6c2cd3b37091"
dependencies = [
 "windows-link",
]

[[package]]
name = "windows-sys"
version = "0.61.2"
source = "registry+https://github.com/rust-lang/crates.io-index"
checksum = "ae137229bcbd6cdf0f7b80a31df61766145077ddf49416a728b02cb3921ff3fc"
dependencies = [
 "windows-link",
]

[[package]]
name = "zmij"
version = "1.0.23"
source = "registry+https://github.com/rust-lang/crates.io-index"
checksum = "29666d0abbfad1e3dc4dcf6144730dd3a3ab225bbbdac83319345b1b44ccfc1b"
